
Microsoft Visual Studio Solution File, Format Version 12.00
# Visual Studio Version 16
VisualStudioVersion = 16.0.30014.187
MinimumVisualStudioVersion = 10.0.40219.1
Project("{9A19103F-16F7-4668-BE54-9A1E7A4F7556}") = "LittleBlazors.Components.Wizards", "src\LittleBlazors.Components.Wizard\LittleBlazors.Components.Wizards.csproj", "{01C3BD08-1575-4CCC-82B9-B23DCC7C7AC2}"
EndProject
Project("{9A19103F-16F7-4668-BE54-9A1E7A4F7556}") = "LittleBlazors.TestHost", "test\LittleBlazors.TestHost\LittleBlazors.TestHost.csproj", "{484A6C99-6F70-406A-B253-22E388D44509}"
EndProject
Project("{9A19103F-16F7-4668-BE54-9A1E7A4F7556}") = "LittleBlazors.Components.Charts", "src\LittleBlazors.Components.Charts\LittleBlazors.Components.Charts.csproj", "{304C5B45-EBE4-4358-B4A7-0602DA0AE8D1}"
EndProject
Project("{9A19103F-16F7-4668-BE54-9A1E7A4F7556}") = "LittleBlazors.Components.Core", "src\LittleBlazors.Components.Core\LittleBlazors.Components.Core.csproj", "{5DF87E9D-AD53-4EF0-A7F0-F95AFF931922}"
EndProject
Global
	GlobalSection(SolutionConfigurationPlatforms) = preSolution
		Debug|Any CPU = Debug|Any CPU
		Release|Any CPU = Release|Any CPU
	EndGlobalSection
	GlobalSection(ProjectConfigurationPlatforms) = postSolution
		{01C3BD08-1575-4CCC-82B9-B23DCC7C7AC2}.Debug|Any CPU.ActiveCfg = Debug|Any CPU
		{01C3BD08-1575-4CCC-82B9-B23DCC7C7AC2}.Debug|Any CPU.Build.0 = Debug|Any CPU
		{01C3BD08-1575-4CCC-82B9-B23DCC7C7AC2}.Release|Any CPU.ActiveCfg = Release|Any CPU
		{01C3BD08-1575-4CCC-82B9-B23DCC7C7AC2}.Release|Any CPU.Build.0 = Release|Any CPU
		{484A6C99-6F70-406A-B253-22E388D44509}.Debug|Any CPU.ActiveCfg = Debug|Any CPU
		{484A6C99-6F70-406A-B253-22E388D44509}.Debug|Any CPU.Build.0 = Debug|Any CPU
		{484A6C99-6F70-406A-B253-22E388D44509}.Release|Any CPU.ActiveCfg = Release|Any CPU
		{484A6C99-6F70-406A-B253-22E388D44509}.Release|Any CPU.Build.0 = Release|Any CPU
		{304C5B45-EBE4-4358-B4A7-0602DA0AE8D1}.Debug|Any CPU.ActiveCfg = Debug|Any CPU
		{304C5B45-EBE4-4358-B4A7-0602DA0AE8D1}.Debug|Any CPU.Build.0 = Debug|Any CPU
		{304C5B45-EBE4-4358-B4A7-0602DA0AE8D1}.Release|Any CPU.ActiveCfg = Release|Any CPU
		{304C5B45-EBE4-4358-B4A7-0602DA0AE8D1}.Release|Any CPU.Build.0 = Release|Any CPU
		{5DF87E9D-AD53-4EF0-A7F0-F95AFF931922}.Debug|Any CPU.ActiveCfg = Debug|Any CPU
		{5DF87E9D-AD53-4EF0-A7F0-F95AFF931922}.Debug|Any CPU.Build.0 = Debug|Any CPU
		{5DF87E9D-AD53-4EF0-A7F0-F95AFF931922}.Release|Any CPU.ActiveCfg = Release|Any CPU
		{5DF87E9D-AD53-4EF0-A7F0-F95AFF931922}.Release|Any CPU.Build.0 = Release|Any CPU
	EndGlobalSection
	GlobalSection(SolutionProperties) = preSolution
		HideSolutionNode = FALSE
	EndGlobalSection
	GlobalSection(ExtensibilityGlobals) = postSolution
		SolutionGuid = {B0A84BF2-CC41-4370-BC91-D5C49DF45618}
	EndGlobalSection
EndGlobal
